
Microsoft Visual Studio Solution File, Format Version 12.00
# Visual Studio 2013
VisualStudioVersion = 12.0.21005.1
MinimumVisualStudioVersion = 10.0.40219.1
Project("{FAE04EC0-301F-11D3-BF4B-00C04F79EFBC}") = "Server", "Server\Server.csproj", "{67ABD41A-FDDF-4B37-A6DC-91CE567DC20E}"
EndProject
Project("{FAE04EC0-301F-11D3-BF4B-00C04F79EFBC}") = "Client", "Client\Client.csproj", "{552876C0-D8CC-4D62-83D3-E715192EEB4C}"
EndProject
Project("{FAE04EC0-301F-11D3-BF4B-00C04F79EFBC}") = "Domains", "Domains\Domains.csproj", "{276EC5E3-D0AE-4B6E-863B-772D74D6B959}"
EndProject
Project("{FAE04EC0-301F-11D3-BF4B-00C04F79EFBC}") = "Server-Multithreaded", "Server-Multithreaded\Server-Multithreaded.csproj", "{942F7E83-31A1-4D6A-9A7A-9E28F8DD4E40}"
EndProject
Global
	GlobalSection(SolutionConfigurationPlatforms) = preSolution
		Debug|Any CPU = Debug|Any CPU
		Release|Any CPU = Release|Any CPU
	EndGlobalSection
	GlobalSection(ProjectConfigurationPlatforms) = postSolution
		{67ABD41A-FDDF-4B37-A6DC-91CE567DC20E}.Debug|Any CPU.ActiveCfg = Debug|Any CPU
		{67ABD41A-FDDF-4B37-A6DC-91CE567DC20E}.Debug|Any CPU.Build.0 = Debug|Any CPU
		{67ABD41A-FDDF-4B37-A6DC-91CE567DC20E}.Release|Any CPU.ActiveCfg = Release|Any CPU
		{67ABD41A-FDDF-4B37-A6DC-91CE567DC20E}.Release|Any CPU.Build.0 = Release|Any CPU
		{552876C0-D8CC-4D62-83D3-E715192EEB4C}.Debug|Any CPU.ActiveCfg = Debug|Any CPU
		{552876C0-D8CC-4D62-83D3-E715192EEB4C}.Debug|Any CPU.Build.0 = Debug|Any CPU
		{552876C0-D8CC-4D62-83D3-E715192EEB4C}.Release|Any CPU.ActiveCfg = Release|Any CPU
		{552876C0-D8CC-4D62-83D3-E715192EEB4C}.Release|Any CPU.Build.0 = Release|Any CPU
		{276EC5E3-D0AE-4B6E-863B-772D74D6B959}.Debug|Any CPU.ActiveCfg = Debug|Any CPU
		{276EC5E3-D0AE-4B6E-863B-772D74D6B959}.Debug|Any CPU.Build.0 = Debug|Any CPU
		{276EC5E3-D0AE-4B6E-863B-772D74D6B959}.Release|Any CPU.ActiveCfg = Release|Any CPU
		{276EC5E3-D0AE-4B6E-863B-772D74D6B959}.Release|Any CPU.Build.0 = Release|Any CPU
		{942F7E83-31A1-4D6A-9A7A-9E28F8DD4E40}.Debug|Any CPU.ActiveCfg = Debug|Any CPU
		{942F7E83-31A1-4D6A-9A7A-9E28F8DD4E40}.Debug|Any CPU.Build.0 = Debug|Any CPU
		{942F7E83-31A1-4D6A-9A7A-9E28F8DD4E40}.Release|Any CPU.ActiveCfg = Release|Any CPU
		{942F7E83-31A1-4D6A-9A7A-9E28F8DD4E40}.Release|Any CPU.Build.0 = Release|Any CPU
	EndGlobalSection
	GlobalSection(SolutionProperties) = preSolution
		HideSolutionNode = FALSE
	EndGlobalSection
EndGlobal
